PODS:
  - BigInt (3.1.0):
    - SipHash (~> 1.2)
  - Crashlytics (3.12.0):
    - Fabric (~> 1.9.0)
  - CryptoSwift (0.15.0)
  - Fabric (1.9.0)
  - secp256k1.swift (0.1.4)
  - SerializableValue (0.0.1)
  - SipHash (1.2.2)
  - TesseractEthereumBase (0.0.1):
    - TesseractEthereumBase/Core (= 0.0.1)
  - TesseractEthereumBase/Core (0.0.1):
    - BigInt (~> 3.1)
    - CryptoSwift (~> 0.13)
    - SerializableValue (~> 0.0.1)
  - TesseractEthereumWeb3 (0.0.1):
    - TesseractEthereumWeb3/Core (= 0.0.1)
  - TesseractEthereumWeb3/Core (0.0.1):
    - TesseractEthereumBase (~> 0.0.1)
    - Web3 (~> 0.3.1)
  - TesseractOpenWallet/Client (0.0.1):
    - TesseractOpenWallet/Core
  - TesseractOpenWallet/Core (0.0.1)
  - TesseractOpenWallet/Ethereum (0.0.1):
    - TesseractOpenWallet/Client
    - TesseractOpenWallet/EthereumCore
  - TesseractOpenWallet/EthereumCore (0.0.1):
    - TesseractEthereumBase (~> 0.0.1)
    - TesseractOpenWallet/Core
  - Web3 (0.3.1):
    - Web3/Core (= 0.3.1)
    - Web3/HTTPExtension (= 0.3.1)
  - Web3/Core (0.3.1):
    - BigInt (~> 3.1)
    - CryptoSwift (~> 0.8)
    - secp256k1.swift (~> 0.1)
  - Web3/HTTPExtension (0.3.1):
    - Web3/Core

DEPENDENCIES:
  - Crashlytics
  - Fabric
  - SerializableValue (from `https://github.com/tesseract-one/swift-serializable.git`, branch `master`)
  - TesseractEthereumBase (from `https://github.com/tesseract-one/swift-ethereum-base.git`, branch `master`)
  - TesseractEthereumWeb3 (from `https://github.com/tesseract-one/ios-web3-ethereum.git`, branch `master`)
  - TesseractOpenWallet/Ethereum (from `https://github.com/tesseract-one/ios-openwallet-sdk.git`, branch `master`)
  - Web3 (from `https://github.com/tesseract-one/Web3.swift.git`, branch `master`)

SPEC REPOS:
  https://github.com/cocoapods/specs.git:
    - BigInt
    - Crashlytics
    - CryptoSwift
    - Fabric
    - secp256k1.swift
    - SipHash

EXTERNAL SOURCES:
  SerializableValue:
    :branch: master
    :git: https://github.com/tesseract-one/swift-serializable.git
  TesseractEthereumBase:
    :branch: master
    :git: https://github.com/tesseract-one/swift-ethereum-base.git
  TesseractEthereumWeb3:
    :branch: master
    :git: https://github.com/tesseract-one/ios-web3-ethereum.git
  TesseractOpenWallet:
    :branch: master
    :git: https://github.com/tesseract-one/ios-openwallet-sdk.git
  Web3:
    :branch: master
    :git: https://github.com/tesseract-one/Web3.swift.git

CHECKOUT OPTIONS:
  SerializableValue:
    :commit: 0e4aa421681921c3144c42f9c4439eba832f81d1
    :git: https://github.com/tesseract-one/swift-serializable.git
  TesseractEthereumBase:
    :commit: 7ef49035b4e26d6d9a3e2c08efe0a573e351730b
    :git: https://github.com/tesseract-one/swift-ethereum-base.git
  TesseractEthereumWeb3:
    :commit: 56a745b5b8f973e336f0cf91eda37f49ae9e8cb7
    :git: https://github.com/tesseract-one/ios-web3-ethereum.git
  TesseractOpenWallet:
    :commit: f1eb794fd24636c03a5d2cfcdf0ccb897bc6a413
    :git: https://github.com/tesseract-one/ios-openwallet-sdk.git
  Web3:
    :commit: 3d416183fade5b9c94b23bdb1c87d0fb865ccb69
    :git: https://github.com/tesseract-one/Web3.swift.git

SPEC CHECKSUMS:
  BigInt: 76b5dfdfa3e2e478d4ffdf161aeede5502e2742f
  Crashlytics: 07fb167b1694128c1c9a5a5cc319b0e9c3ca0933
  CryptoSwift: 769f58a9e89f64e8796c2e59ce5f002dc81a2438
  Fabric: f988e33c97f08930a413e08123064d2e5f68d655
  secp256k1.swift: a7e7a214f6db6ce5db32cc6b2b45e5c4dd633634
  SerializableValue: 231634d0fa47a27bfbf46337c954107454864c9d
  SipHash: fad90a4683e420c52ef28063063dbbce248ea6d4
  TesseractEthereumBase: cc36a0266461f2bceaa18e10942bfc91e31d0fa3
  TesseractEthereumWeb3: 24f316d6cb0d22cf5ea3b53e8fba224f73c8cf25
  TesseractOpenWallet: e4e3ac5d6e93e7d644a43d85f8dcdc645bfe9121
  Web3: e9be7ef88585e252df50abc28538d6e4691c786e

PODFILE CHECKSUM: 12788f988e87d801034b588123a5d6fd14ce3602

COCOAPODS: 1.6.1
