PODS:
  - BigInt (3.1.0):
    - SipHash (~> 1.2)
  - Crashlytics (3.12.0):
    - Fabric (~> 1.9.0)
  - CryptoSwift (0.15.0)
  - Fabric (1.9.0)
  - secp256k1.swift (0.1.4)
  - SerializableValue (0.0.1)
  - SipHash (1.2.2)
  - TesseractEthereumBase (0.0.1):
    - TesseractEthereumBase/Core (= 0.0.1)
  - TesseractEthereumBase/Core (0.0.1):
    - BigInt (~> 3.1)
    - CryptoSwift (~> 0.15)
    - SerializableValue (~> 0.0.1)
  - TesseractEthereumWeb3 (0.0.1):
    - TesseractEthereumWeb3/Core (= 0.0.1)
  - TesseractEthereumWeb3/Core (0.0.1):
    - TesseractEthereumBase (~> 0.0.1)
    - Web3 (~> 0.3.1)
  - TesseractOpenWallet/Client (0.0.1):
    - TesseractOpenWallet/Core
  - TesseractOpenWallet/Core (0.0.1)
  - TesseractOpenWallet/Ethereum (0.0.1):
    - TesseractOpenWallet/Client
    - TesseractOpenWallet/EthereumCore
  - TesseractOpenWallet/EthereumCore (0.0.1):
    - TesseractEthereumBase (~> 0.0.1)
    - TesseractOpenWallet/Core
  - Web3 (0.3.1):
    - Web3/Core (= 0.3.1)
    - Web3/HTTPExtension (= 0.3.1)
  - Web3/Core (0.3.1):
    - BigInt (~> 3.1)
    - CryptoSwift (~> 0.8)
    - secp256k1.swift (~> 0.1)
  - Web3/HTTPExtension (0.3.1):
    - Web3/Core

DEPENDENCIES:
  - Crashlytics
  - Fabric
  - SerializableValue (from `https://github.com/ypopovych/swift-serializable.git`, branch `master`)
  - "TesseractEthereumBase (from `git@github.com:ypopovych/swift-ethereum-base.git`, branch `master`)"
  - "TesseractEthereumWeb3 (from `git@github.com:ypopovych/ios-web3-ethereum.git`, branch `master`)"
  - "TesseractOpenWallet/Ethereum (from `git@github.com:ypopovych/ios-openwallet-sdk.git`, branch `master`)"
  - Web3 (from `https://github.com/crossroadlabs/Web3.swift.git`, branch `master`)

SPEC REPOS:
  https://github.com/cocoapods/specs.git:
    - BigInt
    - Crashlytics
    - CryptoSwift
    - Fabric
    - secp256k1.swift
    - SipHash

EXTERNAL SOURCES:
  SerializableValue:
    :branch: master
    :git: https://github.com/ypopovych/swift-serializable.git
  TesseractEthereumBase:
    :branch: master
    :git: "git@github.com:ypopovych/swift-ethereum-base.git"
  TesseractEthereumWeb3:
    :branch: master
    :git: "git@github.com:ypopovych/ios-web3-ethereum.git"
  TesseractOpenWallet:
    :branch: master
    :git: "git@github.com:ypopovych/ios-openwallet-sdk.git"
  Web3:
    :branch: master
    :git: https://github.com/crossroadlabs/Web3.swift.git

CHECKOUT OPTIONS:
  SerializableValue:
    :commit: 10f23664e16c600002178cece070722c09e7b7c1
    :git: https://github.com/ypopovych/swift-serializable.git
  TesseractEthereumBase:
    :commit: 4ad54158b44ac3482125880c4948c5c20b18bc89
    :git: "git@github.com:ypopovych/swift-ethereum-base.git"
  TesseractEthereumWeb3:
    :commit: 0781788f263d937284d9baa74f9f9f8694738b7c
    :git: "git@github.com:ypopovych/ios-web3-ethereum.git"
  TesseractOpenWallet:
    :commit: 62d6c369f75e799f6c4ff1763207eccb7460f41a
    :git: "git@github.com:ypopovych/ios-openwallet-sdk.git"
  Web3:
    :commit: 87523600fcec849b39ccf92c73a923d48c1f44d9
    :git: https://github.com/crossroadlabs/Web3.swift.git

SPEC CHECKSUMS:
  BigInt: 76b5dfdfa3e2e478d4ffdf161aeede5502e2742f
  Crashlytics: 07fb167b1694128c1c9a5a5cc319b0e9c3ca0933
  CryptoSwift: 769f58a9e89f64e8796c2e59ce5f002dc81a2438
  Fabric: f988e33c97f08930a413e08123064d2e5f68d655
  secp256k1.swift: a7e7a214f6db6ce5db32cc6b2b45e5c4dd633634
  SerializableValue: 68b0bc3f578c45f99279bc0297213a57ec532663
  SipHash: fad90a4683e420c52ef28063063dbbce248ea6d4
  TesseractEthereumBase: ec0452a5fc8a7c3b93daf880851b63467f87ad10
  TesseractEthereumWeb3: 8af47e3b44bad68864688cbacc9c6b35b5d521c6
  TesseractOpenWallet: 045fe5b450e257efc64f9826a697cd95f610cbc0
  Web3: e9be7ef88585e252df50abc28538d6e4691c786e

PODFILE CHECKSUM: 1d558974aaa2581f106c6f445bd9f06562934d64

COCOAPODS: 1.6.1
